{
    "hash": "04089fcfae786f5870f134b0ee918c7b",
    "packages": [
        {
            "package": "amazonwebservices/aws-sdk-for-php",
            "version": "1.5.13"
        }
    ],
    "packages-dev": null,
    "aliases": [

    ],
    "minimum-stability": "stable",
    "stability-flags": [

    ]
}
